{
  "name": "material-web-vscode-snippets",
  "version": "0.0.3",
  "lockfileVersion": 3,
  "requires": true,
  "packages": {
    "": {
      "name": "material-web-vscode-snippets",
      "version": "0.0.3",
      "license": "MIT",
      "devDependencies": {
        "@types/node": "^20.8.2",
        "@types/vscode": "^1.73.0",
        "typescript": "^5.2.2"
      },
      "engines": {
        "vscode": "^1.82.0"
      }
    },
    "node_modules/@types/node": {
      "version": "20.8.2",
      "resolved": "https://registry.npmjs.org/@types/node/-/node-20.8.2.tgz",
      "integrity": "sha512-Vvycsc9FQdwhxE3y3DzeIxuEJbWGDsnrxvMADzTDF/lcdR9/K+AQIeAghTQsHtotg/q0j3WEOYS/jQgSdWue3w==",
      "dev": true
    },
    "node_modules/@types/vscode": {
      "version": "1.83.0",
      "resolved": "https://registry.npmjs.org/@types/vscode/-/vscode-1.83.0.tgz",
      "integrity": "sha512-3mUtHqLAVz9hegut9au4xehuBrzRE3UJiQMpoEHkNl6XHliihO7eATx2BMHs0odsmmrwjJrlixx/Pte6M3ygDQ==",
      "dev": true
    },
    "node_modules/typescript": {
      "version": "5.2.2",
      "resolved": "https://registry.npmjs.org/typescript/-/typescript-5.2.2.tgz",
      "integrity": "sha512-mI4WrpHsbCIcwT9cF4FZvr80QUeKvsUsUvKDoR+X/7XHQH98xYD8YHZg7ANtz2GtZt/CBq2QJ0thkGJMHfqc1w==",
      "dev": true,
      "bin": {
        "tsc": "bin/tsc",
        "tsserver": "bin/tsserver"
      },
      "engines": {
        "node": ">=14.17"
      }
    }
  }
}
